// !$*UTF8*$!
{
	archiveVersion = 1;
	classes = {
	};
	objectVersion = 50;
	objects = {

/* Begin PBXBuildFile section */
		FA588D7F2696F31600AAA161 /* CryptoViewModel.swift in Sources */ = {isa = PBXBuildFile; fileRef = FA588D7E2696F31600AAA161 /* CryptoViewModel.swift */; };
		FAAB182A2696E6C60083FFAD /* AppDelegate.swift in Sources */ = {isa = PBXBuildFile; fileRef = FAAB18292696E6C60083FFAD /* AppDelegate.swift */; };
		FAAB182C2696E6C60083FFAD /* SceneDelegate.swift in Sources */ = {isa = PBXBuildFile; fileRef = FAAB182B2696E6C60083FFAD /* SceneDelegate.swift */; };
		FAAB182E2696E6C60083FFAD /* ViewController.swift in Sources */ = {isa = PBXBuildFile; fileRef = FAAB182D2696E6C60083FFAD /* ViewController.swift */; };
		FAAB18312696E6C60083FFAD /* Main.storyboard in Resources */ = {isa = PBXBuildFile; fileRef = FAAB182F2696E6C60083FFAD /* Main.storyboard */; };
		FAAB18342696E6C60083FFAD /* MVVMProject.xcdatamodeld in Sources */ = {isa = PBXBuildFile; fileRef = FAAB18322696E6C60083FFAD /* MVVMProject.xcdatamodeld */; };
		FAAB18362696E6CC0083FFAD /* Assets.xcassets in Resources */ = {isa = PBXBuildFile; fileRef = FAAB18352696E6CC0083FFAD /* Assets.xcassets */; };
		FAAB18392696E6CC0083FFAD /* LaunchScreen.storyboard in Resources */ = {isa = PBXBuildFile; fileRef = FAAB18372696E6CC0083FFAD /* LaunchScreen.storyboard */; };
		FAAB18412696E9890083FFAD /* CryptoTableViewCell.swift in Sources */ = {isa = PBXBuildFile; fileRef = FAAB18402696E9890083FFAD /* CryptoTableViewCell.swift */; };
		FAAB18472696EC200083FFAD /* CryptoCurrency.swift in Sources */ = {isa = PBXBuildFile; fileRef = FAAB18462696EC200083FFAD /* CryptoCurrency.swift */; };
		FAAB18492696ED120083FFAD /* WebService.swift in Sources */ = {isa = PBXBuildFile; fileRef = FAAB18482696ED120083FFAD /* WebService.swift */; };
/* End PBXBuildFile section */

/* Begin PBXFileReference section */
		FA588D7E2696F31600AAA161 /* CryptoViewModel.swift */ = {isa = PBXFileReference; lastKnownFileType = sourcecode.swift; path = CryptoViewModel.swift; sourceTree = "<group>"; };
		FAAB18262696E6C60083FFAD /* MVVMProject.app */ = {isa = PBXFileReference; explicitFileType = wrapper.application; includeInIndex = 0; path = MVVMProject.app; sourceTree = BUILT_PRODUCTS_DIR; };
		FAAB18292696E6C60083FFAD /* AppDelegate.swift */ = {isa = PBXFileReference; lastKnownFileType = sourcecode.swift; path = AppDelegate.swift; sourceTree = "<group>"; };
		FAAB182B2696E6C60083FFAD /* SceneDelegate.swift */ = {isa = PBXFileReference; lastKnownFileType = sourcecode.swift; path = SceneDelegate.swift; sourceTree = "<group>"; };
		FAAB182D2696E6C60083FFAD /* ViewController.swift */ = {isa = PBXFileReference; lastKnownFileType = sourcecode.swift; path = ViewController.swift; sourceTree = "<group>"; };
		FAAB18302696E6C60083FFAD /* Base */ = {isa = PBXFileReference; lastKnownFileType = file.storyboard; name = Base; path = Base.lproj/Main.storyboard; sourceTree = "<group>"; };
		FAAB18332696E6C60083FFAD /* MVVMProject.xcdatamodel */ = {isa = PBXFileReference; lastKnownFileType = wrapper.xcdatamodel; path = MVVMProject.xcdatamodel; sourceTree = "<group>"; };
		FAAB18352696E6CC0083FFAD /* Assets.xcassets */ = {isa = PBXFileReference; lastKnownFileType = folder.assetcatalog; path = Assets.xcassets; sourceTree = "<group>"; };
		FAAB18382696E6CC0083FFAD /* Base */ = {isa = PBXFileReference; lastKnownFileType = file.storyboard; name = Base; path = Base.lproj/LaunchScreen.storyboard; sourceTree = "<group>"; };
		FAAB183A2696E6CC0083FFAD /* Info.plist */ = {isa = PBXFileReference; lastKnownFileType = text.plist.xml; path = Info.plist; sourceTree = "<group>"; };
		FAAB18402696E9890083FFAD /* CryptoTableViewCell.swift */ = {isa = PBXFileReference; lastKnownFileType = sourcecode.swift; path = CryptoTableViewCell.swift; sourceTree = "<group>"; };
		FAAB18462696EC200083FFAD /* CryptoCurrency.swift */ = {isa = PBXFileReference; lastKnownFileType = sourcecode.swift; path = CryptoCurrency.swift; sourceTree = "<group>"; };
		FAAB18482696ED120083FFAD /* WebService.swift */ = {isa = PBXFileReference; lastKnownFileType = sourcecode.swift; path = WebService.swift; sourceTree = "<group>"; };
/* End PBXFileReference section */

/* Begin PBXFrameworksBuildPhase section */
		FAAB18232696E6C60083FFAD /* Frameworks */ = {
			isa = PBXFrameworksBuildPhase;
			buildActionMask = 2147483647;
			files = (
			);
			runOnlyForDeploymentPostprocessing = 0;
		};
/* End PBXFrameworksBuildPhase section */

/* Begin PBXGroup section */
		FAAB181D2696E6C60083FFAD = {
			isa = PBXGroup;
			children = (
				FAAB18282696E6C60083FFAD /* MVVMProject */,
				FAAB18272696E6C60083FFAD /* Products */,
			);
			sourceTree = "<group>";
		};
		FAAB18272696E6C60083FFAD /* Products */ = {
			isa = PBXGroup;
			children = (
				FAAB18262696E6C60083FFAD /* MVVMProject.app */,
			);
			name = Products;
			sourceTree = "<group>";
		};
		FAAB18282696E6C60083FFAD /* MVVMProject */ = {
			isa = PBXGroup;
			children = (
				FAAB18452696EBE50083FFAD /* Service */,
				FAAB18432696EBBD0083FFAD /* ViewModel */,
				FAAB18422696EBB20083FFAD /* Model */,
				FAAB18442696EBCF0083FFAD /* View */,
				FAAB182F2696E6C60083FFAD /* Main.storyboard */,
				FAAB18352696E6CC0083FFAD /* Assets.xcassets */,
				FAAB18372696E6CC0083FFAD /* LaunchScreen.storyboard */,
				FAAB183A2696E6CC0083FFAD /* Info.plist */,
				FAAB18322696E6C60083FFAD /* MVVMProject.xcdatamodeld */,
			);
			path = MVVMProject;
			sourceTree = "<group>";
		};
		FAAB18422696EBB20083FFAD /* Model */ = {
			isa = PBXGroup;
			children = (
				FAAB18462696EC200083FFAD /* CryptoCurrency.swift */,
			);
			path = Model;
			sourceTree = "<group>";
		};
		FAAB18432696EBBD0083FFAD /* ViewModel */ = {
			isa = PBXGroup;
			children = (
				FA588D7E2696F31600AAA161 /* CryptoViewModel.swift */,
			);
			path = ViewModel;
			sourceTree = "<group>";
		};
		FAAB18442696EBCF0083FFAD /* View */ = {
			isa = PBXGroup;
			children = (
				FAAB18292696E6C60083FFAD /* AppDelegate.swift */,
				FAAB182B2696E6C60083FFAD /* SceneDelegate.swift */,
				FAAB182D2696E6C60083FFAD /* ViewController.swift */,
				FAAB18402696E9890083FFAD /* CryptoTableViewCell.swift */,
			);
			path = View;
			sourceTree = "<group>";
		};
		FAAB18452696EBE50083FFAD /* Service */ = {
			isa = PBXGroup;
			children = (
				FAAB18482696ED120083FFAD /* WebService.swift */,
			);
			path = Service;
			sourceTree = "<group>";
		};
/* End PBXGroup section */

/* Begin PBXNativeTarget section */
		FAAB18252696E6C60083FFAD /* MVVMProject */ = {
			isa = PBXNativeTarget;
			buildConfigurationList = FAAB183D2696E6CC0083FFAD /* Build configuration list for PBXNativeTarget "MVVMProject" */;
			buildPhases = (
				FAAB18222696E6C60083FFAD /* Sources */,
				FAAB18232696E6C60083FFAD /* Frameworks */,
				FAAB18242696E6C60083FFAD /* Resources */,
			);
			buildRules = (
			);
			dependencies = (
			);
			name = MVVMProject;
			productName = MVVMProject;
			productReference = FAAB18262696E6C60083FFAD /* MVVMProject.app */;
			productType = "com.apple.product-type.application";
		};
/* End PBXNativeTarget section */

/* Begin PBXProject section */
		FAAB181E2696E6C60083FFAD /* Project object */ = {
			isa = PBXProject;
			attributes = {
				LastSwiftUpdateCheck = 1250;
				LastUpgradeCheck = 1250;
				TargetAttributes = {
					FAAB18252696E6C60083FFAD = {
						CreatedOnToolsVersion = 12.5.1;
					};
				};
			};
			buildConfigurationList = FAAB18212696E6C60083FFAD /* Build configuration list for PBXProject "MVVMProject" */;
			compatibilityVersion = "Xcode 9.3";
			developmentRegion = en;
			hasScannedForEncodings = 0;
			knownRegions = (
				en,
				Base,
			);
			mainGroup = FAAB181D2696E6C60083FFAD;
			productRefGroup = FAAB18272696E6C60083FFAD /* Products */;
			projectDirPath = "";
			projectRoot = "";
			targets = (
				FAAB18252696E6C60083FFAD /* MVVMProject */,
			);
		};
/* End PBXProject section */

/* Begin PBXResourcesBuildPhase section */
		FAAB18242696E6C60083FFAD /* Resources */ = {
			isa = PBXResourcesBuildPhase;
			buildActionMask = 2147483647;
			files = (
				FAAB18392696E6CC0083FFAD /* LaunchScreen.storyboard in Resources */,
				FAAB18362696E6CC0083FFAD /* Assets.xcassets in Resources */,
				FAAB18312696E6C60083FFAD /* Main.storyboard in Resources */,
			);
			runOnlyForDeploymentPostprocessing = 0;
		};
/* End PBXResourcesBuildPhase section */

/* Begin PBXSourcesBuildPhase section */
		FAAB18222696E6C60083FFAD /* Sources */ = {
			isa = PBXSourcesBuildPhase;
			buildActionMask = 2147483647;
			files = (
				FAAB182E2696E6C60083FFAD /* ViewController.swift in Sources */,
				FAAB18472696EC200083FFAD /* CryptoCurrency.swift in Sources */,
				FAAB18492696ED120083FFAD /* WebService.swift in Sources */,
				FAAB18342696E6C60083FFAD /* MVVMProject.xcdatamodeld in Sources */,
				FAAB182A2696E6C60083FFAD /* AppDelegate.swift in Sources */,
				FA588D7F2696F31600AAA161 /* CryptoViewModel.swift in Sources */,
				FAAB18412696E9890083FFAD /* CryptoTableViewCell.swift in Sources */,
				FAAB182C2696E6C60083FFAD /* SceneDelegate.swift in Sources */,
			);
			runOnlyForDeploymentPostprocessing = 0;
		};
/* End PBXSourcesBuildPhase section */

/* Begin PBXVariantGroup section */
		FAAB182F2696E6C60083FFAD /* Main.storyboard */ = {
			isa = PBXVariantGroup;
			children = (
				FAAB18302696E6C60083FFAD /* Base */,
			);
			name = Main.storyboard;
			sourceTree = "<group>";
		};
		FAAB18372696E6CC0083FFAD /* LaunchScreen.storyboard */ = {
			isa = PBXVariantGroup;
			children = (
				FAAB18382696E6CC0083FFAD /* Base */,
			);
			name = LaunchScreen.storyboard;
			sourceTree = "<group>";
		};
/* End PBXVariantGroup section */

/* Begin XCBuildConfiguration section */
		FAAB183B2696E6CC0083FFAD /* Debug */ = {
			isa = XCBuildConfiguration;
			buildSettings = {
				ALWAYS_SEARCH_USER_PATHS = NO;
				CLANG_ANALYZER_NONNULL = YES;
				CLANG_ANALYZER_NUMBER_OBJECT_CONVERSION = YES_AGGRESSIVE;
				CLANG_CXX_LANGUAGE_STANDARD = "gnu++14";
				CLANG_CXX_LIBRARY = "libc++";
				CLANG_ENABLE_MODULES = YES;
				CLANG_ENABLE_OBJC_ARC = YES;
				CLANG_ENABLE_OBJC_WEAK = YES;
				CLANG_WARN_BLOCK_CAPTURE_AUTORELEASING = YES;
				CLANG_WARN_BOOL_CONVERSION = YES;
				CLANG_WARN_COMMA = YES;
				CLANG_WARN_CONSTANT_CONVERSION = YES;
				CLANG_WARN_DEPRECATED_OBJC_IMPLEMENTATIONS = YES;
				CLANG_WARN_DIRECT_OBJC_ISA_USAGE = YES_ERROR;
				CLANG_WARN_DOCUMENTATION_COMMENTS = YES;
				CLANG_WARN_EMPTY_BODY = YES;
				CLANG_WARN_ENUM_CONVERSION = YES;
				CLANG_WARN_INFINITE_RECURSION = YES;
				CLANG_WARN_INT_CONVERSION = YES;
				CLANG_WARN_NON_LITERAL_NULL_CONVERSION = YES;
				CLANG_WARN_OBJC_IMPLICIT_RETAIN_SELF = YES;
				CLANG_WARN_OBJC_LITERAL_CONVERSION = YES;
				CLANG_WARN_OBJC_ROOT_CLASS = YES_ERROR;
				CLANG_WARN_QUOTED_INCLUDE_IN_FRAMEWORK_HEADER = YES;
				CLANG_WARN_RANGE_LOOP_ANALYSIS = YES;
				CLANG_WARN_STRICT_PROTOTYPES = YES;
				CLANG_WARN_SUSPICIOUS_MOVE = YES;
				CLANG_WARN_UNGUARDED_AVAILABILITY = YES_AGGRESSIVE;
				CLANG_WARN_UNREACHABLE_CODE = YES;
				CLANG_WARN__DUPLICATE_METHOD_MATCH = YES;
				COPY_PHASE_STRIP = NO;
				DEBUG_INFORMATION_FORMAT = dwarf;
				ENABLE_STRICT_OBJC_MSGSEND = YES;
				ENABLE_TESTABILITY = YES;
				GCC_C_LANGUAGE_STANDARD = gnu11;
				GCC_DYNAMIC_NO_PIC = NO;
				GCC_NO_COMMON_BLOCKS = YES;
				GCC_OPTIMIZATION_LEVEL = 0;
				GCC_PREPROCESSOR_DEFINITIONS = (
					"DEBUG=1",
					"$(inherited)",
				);
				GCC_WARN_64_TO_32_BIT_CONVERSION = YES;
				GCC_WARN_ABOUT_RETURN_TYPE = YES_ERROR;
				GCC_WARN_UNDECLARED_SELECTOR = YES;
				GCC_WARN_UNINITIALIZED_AUTOS = YES_AGGRESSIVE;
				GCC_WARN_UNUSED_FUNCTION = YES;
				GCC_WARN_UNUSED_VARIABLE = YES;
				IPHONEOS_DEPLOYMENT_TARGET = 14.5;
				MTL_ENABLE_DEBUG_INFO = INCLUDE_SOURCE;
				MTL_FAST_MATH = YES;
				ONLY_ACTIVE_ARCH = YES;
				SDKROOT = iphoneos;
				SWIFT_ACTIVE_COMPILATION_CONDITIONS = DEBUG;
				SWIFT_OPTIMIZATION_LEVEL = "-Onone";
			};
			name = Debug;
		};
		FAAB183C2696E6CC0083FFAD /* Release */ = {
			isa = XCBuildConfiguration;
			buildSettings = {
				ALWAYS_SEARCH_USER_PATHS = NO;
				CLANG_ANALYZER_NONNULL = YES;
				CLANG_ANALYZER_NUMBER_OBJECT_CONVERSION = YES_AGGRESSIVE;
				CLANG_CXX_LANGUAGE_STANDARD = "gnu++14";
				CLANG_CXX_LIBRARY = "libc++";
				CLANG_ENABLE_MODULES = YES;
				CLANG_ENABLE_OBJC_ARC = YES;
				CLANG_ENABLE_OBJC_WEAK = YES;
				CLANG_WARN_BLOCK_CAPTURE_AUTORELEASING = YES;
				CLANG_WARN_BOOL_CONVERSION = YES;
				CLANG_WARN_COMMA = YES;
				CLANG_WARN_CONSTANT_CONVERSION = YES;
				CLANG_WARN_DEPRECATED_OBJC_IMPLEMENTATIONS = YES;
				CLANG_WARN_DIRECT_OBJC_ISA_USAGE = YES_ERROR;
				CLANG_WARN_DOCUMENTATION_COMMENTS = YES;
				CLANG_WARN_EMPTY_BODY = YES;
				CLANG_WARN_ENUM_CONVERSION = YES;
				CLANG_WARN_INFINITE_RECURSION = YES;
				CLANG_WARN_INT_CONVERSION = YES;
				CLANG_WARN_NON_LITERAL_NULL_CONVERSION = YES;
				CLANG_WARN_OBJC_IMPLICIT_RETAIN_SELF = YES;
				CLANG_WARN_OBJC_LITERAL_CONVERSION = YES;
				CLANG_WARN_OBJC_ROOT_CLASS = YES_ERROR;
				CLANG_WARN_QUOTED_INCLUDE_IN_FRAMEWORK_HEADER = YES;
				CLANG_WARN_RANGE_LOOP_ANALYSIS = YES;
				CLANG_WARN_STRICT_PROTOTYPES = YES;
				CLANG_WARN_SUSPICIOUS_MOVE = YES;
				CLANG_WARN_UNGUARDED_AVAILABILITY = YES_AGGRESSIVE;
				CLANG_WARN_UNREACHABLE_CODE = YES;
				CLANG_WARN__DUPLICATE_METHOD_MATCH = YES;
				COPY_PHASE_STRIP = NO;
				DEBUG_INFORMATION_FORMAT = "dwarf-with-dsym";
				ENABLE_NS_ASSERTIONS = NO;
				ENABLE_STRICT_OBJC_MSGSEND = YES;
				GCC_C_LANGUAGE_STANDARD = gnu11;
				GCC_NO_COMMON_BLOCKS = YES;
				GCC_WARN_64_TO_32_BIT_CONVERSION = YES;
				GCC_WARN_ABOUT_RETURN_TYPE = YES_ERROR;
				GCC_WARN_UNDECLARED_SELECTOR = YES;
				GCC_WARN_UNINITIALIZED_AUTOS = YES_AGGRESSIVE;
				GCC_WARN_UNUSED_FUNCTION = YES;
				GCC_WARN_UNUSED_VARIABLE = YES;
				IPHONEOS_DEPLOYMENT_TARGET = 14.5;
				MTL_ENABLE_DEBUG_INFO = NO;
				MTL_FAST_MATH = YES;
				SDKROOT = iphoneos;
				SWIFT_COMPILATION_MODE = wholemodule;
				SWIFT_OPTIMIZATION_LEVEL = "-O";
				VALIDATE_PRODUCT = YES;
			};
			name = Release;
		};
		FAAB183E2696E6CC0083FFAD /* Debug */ = {
			isa = XCBuildConfiguration;
			buildSettings = {
				ASSETCATALOG_COMPILER_APPICON_NAME = AppIcon;
				ASSETCATALOG_COMPILER_GLOBAL_ACCENT_COLOR_NAME = AccentColor;
				CODE_SIGN_STYLE = Automatic;
				DEVELOPMENT_TEAM = Y9N6MZS2UR;
				INFOPLIST_FILE = MVVMProject/Info.plist;
				LD_RUNPATH_SEARCH_PATHS = (
					"$(inherited)",
					"@executable_path/Frameworks",
				);
				PRODUCT_BUNDLE_IDENTIFIER = com.eminhayal.MVVMProject;
				PRODUCT_NAME = "$(TARGET_NAME)";
				SWIFT_VERSION = 5.0;
				TARGETED_DEVICE_FAMILY = "1,2";
			};
			name = Debug;
		};
		FAAB183F2696E6CC0083FFAD /* Release */ = {
			isa = XCBuildConfiguration;
			buildSettings = {
				ASSETCATALOG_COMPILER_APPICON_NAME = AppIcon;
				ASSETCATALOG_COMPILER_GLOBAL_ACCENT_COLOR_NAME = AccentColor;
				CODE_SIGN_STYLE = Automatic;
				DEVELOPMENT_TEAM = Y9N6MZS2UR;
				INFOPLIST_FILE = MVVMProject/Info.plist;
				LD_RUNPATH_SEARCH_PATHS = (
					"$(inherited)",
					"@executable_path/Frameworks",
				);
				PRODUCT_BUNDLE_IDENTIFIER = com.eminhayal.MVVMProject;
				PRODUCT_NAME = "$(TARGET_NAME)";
				SWIFT_VERSION = 5.0;
				TARGETED_DEVICE_FAMILY = "1,2";
			};
			name = Release;
		};
/* End XCBuildConfiguration section */

/* Begin XCConfigurationList section */
		FAAB18212696E6C60083FFAD /* Build configuration list for PBXProject "MVVMProject" */ = {
			isa = XCConfigurationList;
			buildConfigurations = (
				FAAB183B2696E6CC0083FFAD /* Debug */,
				FAAB183C2696E6CC0083FFAD /* Release */,
			);
			defaultConfigurationIsVisible = 0;
			defaultConfigurationName = Release;
		};
		FAAB183D2696E6CC0083FFAD /* Build configuration list for PBXNativeTarget "MVVMProject" */ = {
			isa = XCConfigurationList;
			buildConfigurations = (
				FAAB183E2696E6CC0083FFAD /* Debug */,
				FAAB183F2696E6CC0083FFAD /* Release */,
			);
			defaultConfigurationIsVisible = 0;
			defaultConfigurationName = Release;
		};
/* End XCConfigurationList section */

/* Begin XCVersionGroup section */
		FAAB18322696E6C60083FFAD /* MVVMProject.xcdatamodeld */ = {
			isa = XCVersionGroup;
			children = (
				FAAB18332696E6C60083FFAD /* MVVMProject.xcdatamodel */,
			);
			currentVersion = FAAB18332696E6C60083FFAD /* MVVMProject.xcdatamodel */;
			path = MVVMProject.xcdatamodeld;
			sourceTree = "<group>";
			versionGroupType = wrapper.xcdatamodel;
		};
/* End XCVersionGroup section */
	};
	rootObject = FAAB181E2696E6C60083FFAD /* Project object */;
}
